github.com/InvalidJokerDE/Go-Lib-Test v0.0.0-20231004180258-4cd55af8da9a h1:lB2e+PC9xwRRbI3dt3ZPRmsAoyNvVdcgt+iMhIIWjNE=
github.com/InvalidJokerDE/Go-Lib-Test v0.0.0-20231004180258-4cd55af8da9a/go.mod h1:L7JkpalrfhHEattb3uF02QXBvwMJdjx4UH2jyGcWqwE=
github.com/InvalidJokerDE/Go-Lib-Test v0.0.0-20231004182444-fe97d2a4f0e9 h1:mVvQIM6Q4H4guGIYBhkZRM8FR75nCW4JlWrGAMCbwIA=
github.com/InvalidJokerDE/Go-Lib-Test v0.0.0-20231004182444-fe97d2a4f0e9/go.mod h1:L7JkpalrfhHEattb3uF02QXBvwMJdjx4UH2jyGcWqwE=
